
Microsoft Visual Studio Solution File, Format Version 12.00
# Visual Studio 15
VisualStudioVersion = 15.0.27703.2042
MinimumVisualStudioVersion = 10.0.40219.1
Project("{FAE04EC0-301F-11D3-BF4B-00C04F79EFBC}") = "OnlineBusTicketBooking", "OnlineBusTicketBooking\OnlineBusTicketBooking.csproj", "{223CC8DC-C371-4478-9C5C-702AFDCBD922}"
EndProject
Global
	GlobalSection(SolutionConfigurationPlatforms) = preSolution
		Debug|Any CPU = Debug|Any CPU
		Release|Any CPU = Release|Any CPU
	EndGlobalSection
	GlobalSection(ProjectConfigurationPlatforms) = postSolution
		{223CC8DC-C371-4478-9C5C-702AFDCBD922}.Debug|Any CPU.ActiveCfg = Debug|Any CPU
		{223CC8DC-C371-4478-9C5C-702AFDCBD922}.Debug|Any CPU.Build.0 = Debug|Any CPU
		{223CC8DC-C371-4478-9C5C-702AFDCBD922}.Release|Any CPU.ActiveCfg = Release|Any CPU
		{223CC8DC-C371-4478-9C5C-702AFDCBD922}.Release|Any CPU.Build.0 = Release|Any CPU
	EndGlobalSection
	GlobalSection(SolutionProperties) = preSolution
		HideSolutionNode = FALSE
	EndGlobalSection
	GlobalSection(ExtensibilityGlobals) = postSolution
		SolutionGuid = {D821766A-54D7-44EC-8DE9-172064E3379E}
	EndGlobalSection
EndGlobal
